// !$*UTF8*$!
{
	archiveVersion = 1;
	classes = {
	};
	objectVersion = 77;
	objects = {

/* Begin PBXContainerItemProxy section */
		7F9B47EA2CFF9E7C00965DA7 /* PBXContainerItemProxy */ = {
			isa = PBXContainerItemProxy;
			containerPortal = 7F9B47D12CFF9E7900965DA7 /* Project object */;
			proxyType = 1;
			remoteGlobalIDString = 7F9B47D82CFF9E7900965DA7;
			remoteInfo = Discogs;
		};
		7F9B47F42CFF9E7C00965DA7 /* PBXContainerItemProxy */ = {
			isa = PBXContainerItemProxy;
			containerPortal = 7F9B47D12CFF9E7900965DA7 /* Project object */;
			proxyType = 1;
			remoteGlobalIDString = 7F9B47D82CFF9E7900965DA7;
			remoteInfo = Discogs;
		};
/* End PBXContainerItemProxy section */

/* Begin PBXFileReference section */
		7F9B47D92CFF9E7900965DA7 /* Discogs.app */ = {isa = PBXFileReference; explicitFileType = wrapper.application; includeInIndex = 0; path = Discogs.app; sourceTree = BUILT_PRODUCTS_DIR; };
		7F9B47E92CFF9E7C00965DA7 /* DiscogsTests.xctest */ = {isa = PBXFileReference; explicitFileType = wrapper.cfbundle; includeInIndex = 0; path = DiscogsTests.xctest; sourceTree = BUILT_PRODUCTS_DIR; };
		7F9B47F32CFF9E7C00965DA7 /* DiscogsUITests.xctest */ = {isa = PBXFileReference; explicitFileType = wrapper.cfbundle; includeInIndex = 0; path = DiscogsUITests.xctest; sourceTree = BUILT_PRODUCTS_DIR; };
/* End PBXFileReference section */

/* Begin PBXFileSystemSynchronizedRootGroup section */
		7F9B47DB2CFF9E7900965DA7 /* Discogs */ = {
			isa = PBXFileSystemSynchronizedRootGroup;
			path = Discogs;
			sourceTree = "<group>";
		};
		7F9B47EC2CFF9E7C00965DA7 /* DiscogsTests */ = {
			isa = PBXFileSystemSynchronizedRootGroup;
			path = DiscogsTests;
			sourceTree = "<group>";
		};
		7F9B47F62CFF9E7C00965DA7 /* DiscogsUITests */ = {
			isa = PBXFileSystemSynchronizedRootGroup;
			path = DiscogsUITests;
			sourceTree = "<group>";
		};
/* End PBXFileSystemSynchronizedRootGroup section */

/* Begin PBXFrameworksBuildPhase section */
		7F9B47D62CFF9E7900965DA7 /* Frameworks */ = {
			isa = PBXFrameworksBuildPhase;
			buildActionMask = 2147483647;
			files = (
			);
			runOnlyForDeploymentPostprocessing = 0;
		};
		7F9B47E62CFF9E7C00965DA7 /* Frameworks */ = {
			isa = PBXFrameworksBuildPhase;
			buildActionMask = 2147483647;
			files = (
			);
			runOnlyForDeploymentPostprocessing = 0;
		};
		7F9B47F02CFF9E7C00965DA7 /* Frameworks */ = {
			isa = PBXFrameworksBuildPhase;
			buildActionMask = 2147483647;
			files = (
			);
			runOnlyForDeploymentPostprocessing = 0;
		};
/* End PBXFrameworksBuildPhase section */

/* Begin PBXGroup section */
		7F9B47D02CFF9E7900965DA7 = {
			isa = PBXGroup;
			children = (
				7F9B47DB2CFF9E7900965DA7 /* Discogs */,
				7F9B47EC2CFF9E7C00965DA7 /* DiscogsTests */,
				7F9B47F62CFF9E7C00965DA7 /* DiscogsUITests */,
				7F9B47DA2CFF9E7900965DA7 /* Products */,
			);
			sourceTree = "<group>";
		};
		7F9B47DA2CFF9E7900965DA7 /* Products */ = {
			isa = PBXGroup;
			children = (
				7F9B47D92CFF9E7900965DA7 /* Discogs.app */,
				7F9B47E92CFF9E7C00965DA7 /* DiscogsTests.xctest */,
				7F9B47F32CFF9E7C00965DA7 /* DiscogsUITests.xctest */,
			);
			name = Products;
			sourceTree = "<group>";
		};
/* End PBXGroup section */

/* Begin PBXNativeTarget section */
		7F9B47D82CFF9E7900965DA7 /* Discogs */ = {
			isa = PBXNativeTarget;
			buildConfigurationList = 7F9B47FD2CFF9E7C00965DA7 /* Build configuration list for PBXNativeTarget "Discogs" */;
			buildPhases = (
				7F9B47D52CFF9E7900965DA7 /* Sources */,
				7F9B47D62CFF9E7900965DA7 /* Frameworks */,
				7F9B47D72CFF9E7900965DA7 /* Resources */,
			);
			buildRules = (
			);
			dependencies = (
			);
			fileSystemSynchronizedGroups = (
				7F9B47DB2CFF9E7900965DA7 /* Discogs */,
			);
			name = Discogs;
			packageProductDependencies = (
			);
			productName = Discogs;
			productReference = 7F9B47D92CFF9E7900965DA7 /* Discogs.app */;
			productType = "com.apple.product-type.application";
		};
		7F9B47E82CFF9E7C00965DA7 /* DiscogsTests */ = {
			isa = PBXNativeTarget;
			buildConfigurationList = 7F9B48002CFF9E7C00965DA7 /* Build configuration list for PBXNativeTarget "DiscogsTests" */;
			buildPhases = (
				7F9B47E52CFF9E7C00965DA7 /* Sources */,
				7F9B47E62CFF9E7C00965DA7 /* Frameworks */,
				7F9B47E72CFF9E7C00965DA7 /* Resources */,
			);
			buildRules = (
			);
			dependencies = (
				7F9B47EB2CFF9E7C00965DA7 /* PBXTargetDependency */,
			);
			fileSystemSynchronizedGroups = (
				7F9B47EC2CFF9E7C00965DA7 /* DiscogsTests */,
			);
			name = DiscogsTests;
			packageProductDependencies = (
			);
			productName = DiscogsTests;
			productReference = 7F9B47E92CFF9E7C00965DA7 /* DiscogsTests.xctest */;
			productType = "com.apple.product-type.bundle.unit-test";
		};
		7F9B47F22CFF9E7C00965DA7 /* DiscogsUITests */ = {
			isa = PBXNativeTarget;
			buildConfigurationList = 7F9B48032CFF9E7C00965DA7 /* Build configuration list for PBXNativeTarget "DiscogsUITests" */;
			buildPhases = (
				7F9B47EF2CFF9E7C00965DA7 /* Sources */,
				7F9B47F02CFF9E7C00965DA7 /* Frameworks */,
				7F9B47F12CFF9E7C00965DA7 /* Resources */,
			);
			buildRules = (
			);
			dependencies = (
				7F9B47F52CFF9E7C00965DA7 /* PBXTargetDependency */,
			);
			fileSystemSynchronizedGroups = (
				7F9B47F62CFF9E7C00965DA7 /* DiscogsUITests */,
			);
			name = DiscogsUITests;
			packageProductDependencies = (
			);
			productName = DiscogsUITests;
			productReference = 7F9B47F32CFF9E7C00965DA7 /* DiscogsUITests.xctest */;
			productType = "com.apple.product-type.bundle.ui-testing";
		};
/* End PBXNativeTarget section */

/* Begin PBXProject section */
		7F9B47D12CFF9E7900965DA7 /* Project object */ = {
			isa = PBXProject;
			attributes = {
				BuildIndependentTargetsInParallel = 1;
				LastSwiftUpdateCheck = 1610;
				LastUpgradeCheck = 1610;
				TargetAttributes = {
					7F9B47D82CFF9E7900965DA7 = {
						CreatedOnToolsVersion = 16.1;
					};
					7F9B47E82CFF9E7C00965DA7 = {
						CreatedOnToolsVersion = 16.1;
						TestTargetID = 7F9B47D82CFF9E7900965DA7;
					};
					7F9B47F22CFF9E7C00965DA7 = {
						CreatedOnToolsVersion = 16.1;
						TestTargetID = 7F9B47D82CFF9E7900965DA7;
					};
				};
			};
			buildConfigurationList = 7F9B47D42CFF9E7900965DA7 /* Build configuration list for PBXProject "Discogs" */;
			developmentRegion = en;
			hasScannedForEncodings = 0;
			knownRegions = (
				en,
				Base,
			);
			mainGroup = 7F9B47D02CFF9E7900965DA7;
			minimizedProjectReferenceProxies = 1;
			preferredProjectObjectVersion = 77;
			productRefGroup = 7F9B47DA2CFF9E7900965DA7 /* Products */;
			projectDirPath = "";
			projectRoot = "";
			targets = (
				7F9B47D82CFF9E7900965DA7 /* Discogs */,
				7F9B47E82CFF9E7C00965DA7 /* DiscogsTests */,
				7F9B47F22CFF9E7C00965DA7 /* DiscogsUITests */,
			);
		};
/* End PBXProject section */

/* Begin PBXResourcesBuildPhase section */
		7F9B47D72CFF9E7900965DA7 /* Resources */ = {
			isa = PBXResourcesBuildPhase;
			buildActionMask = 2147483647;
			files = (
			);
			runOnlyForDeploymentPostprocessing = 0;
		};
		7F9B47E72CFF9E7C00965DA7 /* Resources */ = {
			isa = PBXResourcesBuildPhase;
			buildActionMask = 2147483647;
			files = (
			);
			runOnlyForDeploymentPostprocessing = 0;
		};
		7F9B47F12CFF9E7C00965DA7 /* Resources */ = {
			isa = PBXResourcesBuildPhase;
			buildActionMask = 2147483647;
			files = (
			);
			runOnlyForDeploymentPostprocessing = 0;
		};
/* End PBXResourcesBuildPhase section */

/* Begin PBXSourcesBuildPhase section */
		7F9B47D52CFF9E7900965DA7 /* Sources */ = {
			isa = PBXSourcesBuildPhase;
			buildActionMask = 2147483647;
			files = (
			);
			runOnlyForDeploymentPostprocessing = 0;
		};
		7F9B47E52CFF9E7C00965DA7 /* Sources */ = {
			isa = PBXSourcesBuildPhase;
			buildActionMask = 2147483647;
			files = (
			);
			runOnlyForDeploymentPostprocessing = 0;
		};
		7F9B47EF2CFF9E7C00965DA7 /* Sources */ = {
			isa = PBXSourcesBuildPhase;
			buildActionMask = 2147483647;
			files = (
			);
			runOnlyForDeploymentPostprocessing = 0;
		};
/* End PBXSourcesBuildPhase section */

/* Begin PBXTargetDependency section */
		7F9B47EB2CFF9E7C00965DA7 /* PBXTargetDependency */ = {
			isa = PBXTargetDependency;
			target = 7F9B47D82CFF9E7900965DA7 /* Discogs */;
			targetProxy = 7F9B47EA2CFF9E7C00965DA7 /* PBXContainerItemProxy */;
		};
		7F9B47F52CFF9E7C00965DA7 /* PBXTargetDependency */ = {
			isa = PBXTargetDependency;
			target = 7F9B47D82CFF9E7900965DA7 /* Discogs */;
			targetProxy = 7F9B47F42CFF9E7C00965DA7 /* PBXContainerItemProxy */;
		};
/* End PBXTargetDependency section */

/* Begin XCBuildConfiguration section */
		7F9B47FB2CFF9E7C00965DA7 /* Debug */ = {
			isa = XCBuildConfiguration;
			buildSettings = {
				ALWAYS_SEARCH_USER_PATHS = NO;
				ASSETCATALOG_COMPILER_GENERATE_SWIFT_ASSET_SYMBOL_EXTENSIONS = YES;
				CLANG_ANALYZER_NONNULL = YES;
				CLANG_ANALYZER_NUMBER_OBJECT_CONVERSION = YES_AGGRESSIVE;
				CLANG_CXX_LANGUAGE_STANDARD = "gnu++20";
				CLANG_ENABLE_MODULES = YES;
				CLANG_ENABLE_OBJC_ARC = YES;
				CLANG_ENABLE_OBJC_WEAK = YES;
				CLANG_WARN_BLOCK_CAPTURE_AUTORELEASING = YES;
				CLANG_WARN_BOOL_CONVERSION = YES;
				CLANG_WARN_COMMA = YES;
				CLANG_WARN_CONSTANT_CONVERSION = YES;
				CLANG_WARN_DEPRECATED_OBJC_IMPLEMENTATIONS = YES;
				CLANG_WARN_DIRECT_OBJC_ISA_USAGE = YES_ERROR;
				CLANG_WARN_DOCUMENTATION_COMMENTS = YES;
				CLANG_WARN_EMPTY_BODY = YES;
				CLANG_WARN_ENUM_CONVERSION = YES;
				CLANG_WARN_INFINITE_RECURSION = YES;
				CLANG_WARN_INT_CONVERSION = YES;
				CLANG_WARN_NON_LITERAL_NULL_CONVERSION = YES;
				CLANG_WARN_OBJC_IMPLICIT_RETAIN_SELF = YES;
				CLANG_WARN_OBJC_LITERAL_CONVERSION = YES;
				CLANG_WARN_OBJC_ROOT_CLASS = YES_ERROR;
				CLANG_WARN_QUOTED_INCLUDE_IN_FRAMEWORK_HEADER = YES;
				CLANG_WARN_RANGE_LOOP_ANALYSIS = YES;
				CLANG_WARN_STRICT_PROTOTYPES = YES;
				CLANG_WARN_SUSPICIOUS_MOVE = YES;
				CLANG_WARN_UNGUARDED_AVAILABILITY = YES_AGGRESSIVE;
				CLANG_WARN_UNREACHABLE_CODE = YES;
				CLANG_WARN__DUPLICATE_METHOD_MATCH = YES;
				COPY_PHASE_STRIP = NO;
				DEBUG_INFORMATION_FORMAT = dwarf;
				ENABLE_STRICT_OBJC_MSGSEND = YES;
				ENABLE_TESTABILITY = YES;
				ENABLE_USER_SCRIPT_SANDBOXING = YES;
				GCC_C_LANGUAGE_STANDARD = gnu17;
				GCC_DYNAMIC_NO_PIC = NO;
				GCC_NO_COMMON_BLOCKS = YES;
				GCC_OPTIMIZATION_LEVEL = 0;
				GCC_PREPROCESSOR_DEFINITIONS = (
					"DEBUG=1",
					"$(inherited)",
				);
				GCC_WARN_64_TO_32_BIT_CONVERSION = YES;
				GCC_WARN_ABOUT_RETURN_TYPE = YES_ERROR;
				GCC_WARN_UNDECLARED_SELECTOR = YES;
				GCC_WARN_UNINITIALIZED_AUTOS = YES_AGGRESSIVE;
				GCC_WARN_UNUSED_FUNCTION = YES;
				GCC_WARN_UNUSED_VARIABLE = YES;
				IPHONEOS_DEPLOYMENT_TARGET = 18.1;
				LOCALIZATION_PREFERS_STRING_CATALOGS = YES;
				MTL_ENABLE_DEBUG_INFO = INCLUDE_SOURCE;
				MTL_FAST_MATH = YES;
				ONLY_ACTIVE_ARCH = YES;
				SDKROOT = iphoneos;
				SWIFT_ACTIVE_COMPILATION_CONDITIONS = "DEBUG $(inherited)";
				SWIFT_OPTIMIZATION_LEVEL = "-Onone";
			};
			name = Debug;
		};
		7F9B47FC2CFF9E7C00965DA7 /* Release */ = {
			isa = XCBuildConfiguration;
			buildSettings = {
				ALWAYS_SEARCH_USER_PATHS = NO;
				ASSETCATALOG_COMPILER_GENERATE_SWIFT_ASSET_SYMBOL_EXTENSIONS = YES;
				CLANG_ANALYZER_NONNULL = YES;
				CLANG_ANALYZER_NUMBER_OBJECT_CONVERSION = YES_AGGRESSIVE;
				CLANG_CXX_LANGUAGE_STANDARD = "gnu++20";
				CLANG_ENABLE_MODULES = YES;
				CLANG_ENABLE_OBJC_ARC = YES;
				CLANG_ENABLE_OBJC_WEAK = YES;
				CLANG_WARN_BLOCK_CAPTURE_AUTORELEASING = YES;
				CLANG_WARN_BOOL_CONVERSION = YES;
				CLANG_WARN_COMMA = YES;
				CLANG_WARN_CONSTANT_CONVERSION = YES;
				CLANG_WARN_DEPRECATED_OBJC_IMPLEMENTATIONS = YES;
				CLANG_WARN_DIRECT_OBJC_ISA_USAGE = YES_ERROR;
				CLANG_WARN_DOCUMENTATION_COMMENTS = YES;
				CLANG_WARN_EMPTY_BODY = YES;
				CLANG_WARN_ENUM_CONVERSION = YES;
				CLANG_WARN_INFINITE_RECURSION = YES;
				CLANG_WARN_INT_CONVERSION = YES;
				CLANG_WARN_NON_LITERAL_NULL_CONVERSION = YES;
				CLANG_WARN_OBJC_IMPLICIT_RETAIN_SELF = YES;
				CLANG_WARN_OBJC_LITERAL_CONVERSION = YES;
				CLANG_WARN_OBJC_ROOT_CLASS = YES_ERROR;
				CLANG_WARN_QUOTED_INCLUDE_IN_FRAMEWORK_HEADER = YES;
				CLANG_WARN_RANGE_LOOP_ANALYSIS = YES;
				CLANG_WARN_STRICT_PROTOTYPES = YES;
				CLANG_WARN_SUSPICIOUS_MOVE = YES;
				CLANG_WARN_UNGUARDED_AVAILABILITY = YES_AGGRESSIVE;
				CLANG_WARN_UNREACHABLE_CODE = YES;
				CLANG_WARN__DUPLICATE_METHOD_MATCH = YES;
				COPY_PHASE_STRIP = NO;
				DEBUG_INFORMATION_FORMAT = "dwarf-with-dsym";
				ENABLE_NS_ASSERTIONS = NO;
				ENABLE_STRICT_OBJC_MSGSEND = YES;
				ENABLE_USER_SCRIPT_SANDBOXING = YES;
				GCC_C_LANGUAGE_STANDARD = gnu17;
				GCC_NO_COMMON_BLOCKS = YES;
				GCC_WARN_64_TO_32_BIT_CONVERSION = YES;
				GCC_WARN_ABOUT_RETURN_TYPE = YES_ERROR;
				GCC_WARN_UNDECLARED_SELECTOR = YES;
				GCC_WARN_UNINITIALIZED_AUTOS = YES_AGGRESSIVE;
				GCC_WARN_UNUSED_FUNCTION = YES;
				GCC_WARN_UNUSED_VARIABLE = YES;
				IPHONEOS_DEPLOYMENT_TARGET = 18.1;
				LOCALIZATION_PREFERS_STRING_CATALOGS = YES;
				MTL_ENABLE_DEBUG_INFO = NO;
				MTL_FAST_MATH = YES;
				SDKROOT = iphoneos;
				SWIFT_COMPILATION_MODE = wholemodule;
				VALIDATE_PRODUCT = YES;
			};
			name = Release;
		};
		7F9B47FE2CFF9E7C00965DA7 /* Debug */ = {
			isa = XCBuildConfiguration;
			buildSettings = {
				ASSETCATALOG_COMPILER_APPICON_NAME = AppIcon;
				ASSETCATALOG_COMPILER_GLOBAL_ACCENT_COLOR_NAME = AccentColor;
				CODE_SIGN_STYLE = Automatic;
				CURRENT_PROJECT_VERSION = 1;
				DEVELOPMENT_ASSET_PATHS = "\"Discogs/Preview Content\"";
				DEVELOPMENT_TEAM = GZ47Z9336G;
				ENABLE_PREVIEWS = YES;
				GENERATE_INFOPLIST_FILE = YES;
				INFOPLIST_KEY_UIApplicationSceneManifest_Generation = YES;
				INFOPLIST_KEY_UIApplicationSupportsIndirectInputEvents = YES;
				INFOPLIST_KEY_UILaunchScreen_Generation = YES;
				INFOPLIST_KEY_UISupportedInterfaceOrientations_iPad = "UIInterfaceOrientationPortrait UIInterfaceOrientationPortraitUpsideDown UIInterfaceOrientationLandscapeLeft UIInterfaceOrientationLandscapeRight";
				INFOPLIST_KEY_UISupportedInterfaceOrientations_iPhone = "UIInterfaceOrientationPortrait UIInterfaceOrientationLandscapeLeft UIInterfaceOrientationLandscapeRight";
				LD_RUNPATH_SEARCH_PATHS = (
					"$(inherited)",
					"@executable_path/Frameworks",
				);
				MARKETING_VERSION = 1.0;
				PRODUCT_BUNDLE_IDENTIFIER = MBM.Discogs;
				PRODUCT_NAME = "$(TARGET_NAME)";
				SWIFT_EMIT_LOC_STRINGS = YES;
				SWIFT_VERSION = 5.0;
				TARGETED_DEVICE_FAMILY = "1,2";
			};
			name = Debug;
		};
		7F9B47FF2CFF9E7C00965DA7 /* Release */ = {
			isa = XCBuildConfiguration;
			buildSettings = {
				ASSETCATALOG_COMPILER_APPICON_NAME = AppIcon;
				ASSETCATALOG_COMPILER_GLOBAL_ACCENT_COLOR_NAME = AccentColor;
				CODE_SIGN_STYLE = Automatic;
				CURRENT_PROJECT_VERSION = 1;
				DEVELOPMENT_ASSET_PATHS = "\"Discogs/Preview Content\"";
				DEVELOPMENT_TEAM = GZ47Z9336G;
				ENABLE_PREVIEWS = YES;
				GENERATE_INFOPLIST_FILE = YES;
				INFOPLIST_KEY_UIApplicationSceneManifest_Generation = YES;
				INFOPLIST_KEY_UIApplicationSupportsIndirectInputEvents = YES;
				INFOPLIST_KEY_UILaunchScreen_Generation = YES;
				INFOPLIST_KEY_UISupportedInterfaceOrientations_iPad = "UIInterfaceOrientationPortrait UIInterfaceOrientationPortraitUpsideDown UIInterfaceOrientationLandscapeLeft UIInterfaceOrientationLandscapeRight";
				INFOPLIST_KEY_UISupportedInterfaceOrientations_iPhone = "UIInterfaceOrientationPortrait UIInterfaceOrientationLandscapeLeft UIInterfaceOrientationLandscapeRight";
				LD_RUNPATH_SEARCH_PATHS = (
					"$(inherited)",
					"@executable_path/Frameworks",
				);
				MARKETING_VERSION = 1.0;
				PRODUCT_BUNDLE_IDENTIFIER = MBM.Discogs;
				PRODUCT_NAME = "$(TARGET_NAME)";
				SWIFT_EMIT_LOC_STRINGS = YES;
				SWIFT_VERSION = 5.0;
				TARGETED_DEVICE_FAMILY = "1,2";
			};
			name = Release;
		};
		7F9B48012CFF9E7C00965DA7 /* Debug */ = {
			isa = XCBuildConfiguration;
			buildSettings = {
				BUNDLE_LOADER = "$(TEST_HOST)";
				CODE_SIGN_STYLE = Automatic;
				CURRENT_PROJECT_VERSION = 1;
				DEVELOPMENT_TEAM = GZ47Z9336G;
				GENERATE_INFOPLIST_FILE = YES;
				IPHONEOS_DEPLOYMENT_TARGET = 18.1;
				MARKETING_VERSION = 1.0;
				PRODUCT_BUNDLE_IDENTIFIER = MBM.DiscogsTests;
				PRODUCT_NAME = "$(TARGET_NAME)";
				SWIFT_EMIT_LOC_STRINGS = NO;
				SWIFT_VERSION = 5.0;
				TARGETED_DEVICE_FAMILY = "1,2";
				TEST_HOST = "$(BUILT_PRODUCTS_DIR)/Discogs.app/$(BUNDLE_EXECUTABLE_FOLDER_PATH)/Discogs";
			};
			name = Debug;
		};
		7F9B48022CFF9E7C00965DA7 /* Release */ = {
			isa = XCBuildConfiguration;
			buildSettings = {
				BUNDLE_LOADER = "$(TEST_HOST)";
				CODE_SIGN_STYLE = Automatic;
				CURRENT_PROJECT_VERSION = 1;
				DEVELOPMENT_TEAM = GZ47Z9336G;
				GENERATE_INFOPLIST_FILE = YES;
				IPHONEOS_DEPLOYMENT_TARGET = 18.1;
				MARKETING_VERSION = 1.0;
				PRODUCT_BUNDLE_IDENTIFIER = MBM.DiscogsTests;
				PRODUCT_NAME = "$(TARGET_NAME)";
				SWIFT_EMIT_LOC_STRINGS = NO;
				SWIFT_VERSION = 5.0;
				TARGETED_DEVICE_FAMILY = "1,2";
				TEST_HOST = "$(BUILT_PRODUCTS_DIR)/Discogs.app/$(BUNDLE_EXECUTABLE_FOLDER_PATH)/Discogs";
			};
			name = Release;
		};
		7F9B48042CFF9E7C00965DA7 /* Debug */ = {
			isa = XCBuildConfiguration;
			buildSettings = {
				CODE_SIGN_STYLE = Automatic;
				CURRENT_PROJECT_VERSION = 1;
				DEVELOPMENT_TEAM = GZ47Z9336G;
				GENERATE_INFOPLIST_FILE = YES;
				MARKETING_VERSION = 1.0;
				PRODUCT_BUNDLE_IDENTIFIER = MBM.DiscogsUITests;
				PRODUCT_NAME = "$(TARGET_NAME)";
				SWIFT_EMIT_LOC_STRINGS = NO;
				SWIFT_VERSION = 5.0;
				TARGETED_DEVICE_FAMILY = "1,2";
				TEST_TARGET_NAME = Discogs;
			};
			name = Debug;
		};
		7F9B48052CFF9E7C00965DA7 /* Release */ = {
			isa = XCBuildConfiguration;
			buildSettings = {
				CODE_SIGN_STYLE = Automatic;
				CURRENT_PROJECT_VERSION = 1;
				DEVELOPMENT_TEAM = GZ47Z9336G;
				GENERATE_INFOPLIST_FILE = YES;
				MARKETING_VERSION = 1.0;
				PRODUCT_BUNDLE_IDENTIFIER = MBM.DiscogsUITests;
				PRODUCT_NAME = "$(TARGET_NAME)";
				SWIFT_EMIT_LOC_STRINGS = NO;
				SWIFT_VERSION = 5.0;
				TARGETED_DEVICE_FAMILY = "1,2";
				TEST_TARGET_NAME = Discogs;
			};
			name = Release;
		};
/* End XCBuildConfiguration section */

/* Begin XCConfigurationList section */
		7F9B47D42CFF9E7900965DA7 /* Build configuration list for PBXProject "Discogs" */ = {
			isa = XCConfigurationList;
			buildConfigurations = (
				7F9B47FB2CFF9E7C00965DA7 /* Debug */,
				7F9B47FC2CFF9E7C00965DA7 /* Release */,
			);
			defaultConfigurationIsVisible = 0;
			defaultConfigurationName = Release;
		};
		7F9B47FD2CFF9E7C00965DA7 /* Build configuration list for PBXNativeTarget "Discogs" */ = {
			isa = XCConfigurationList;
			buildConfigurations = (
				7F9B47FE2CFF9E7C00965DA7 /* Debug */,
				7F9B47FF2CFF9E7C00965DA7 /* Release */,
			);
			defaultConfigurationIsVisible = 0;
			defaultConfigurationName = Release;
		};
		7F9B48002CFF9E7C00965DA7 /* Build configuration list for PBXNativeTarget "DiscogsTests" */ = {
			isa = XCConfigurationList;
			buildConfigurations = (
				7F9B48012CFF9E7C00965DA7 /* Debug */,
				7F9B48022CFF9E7C00965DA7 /* Release */,
			);
			defaultConfigurationIsVisible = 0;
			defaultConfigurationName = Release;
		};
		7F9B48032CFF9E7C00965DA7 /* Build configuration list for PBXNativeTarget "DiscogsUITests" */ = {
			isa = XCConfigurationList;
			buildConfigurations = (
				7F9B48042CFF9E7C00965DA7 /* Debug */,
				7F9B48052CFF9E7C00965DA7 /* Release */,
			);
			defaultConfigurationIsVisible = 0;
			defaultConfigurationName = Release;
		};
/* End XCConfigurationList section */
	};
	rootObject = 7F9B47D12CFF9E7900965DA7 /* Project object */;
}
